
Microsoft Visual Studio Solution File, Format Version 12.00
# Visual Studio Version 17
VisualStudioVersion = 17.6.33801.468
MinimumVisualStudioVersion = 10.0.40219.1
Project("{9A19103F-16F7-4668-BE54-9A1E7A4F7556}") = "Delegates", "Delegates.csproj", "{116CB71B-B172-4D28-A857-F68892774BFE}"
EndProject
Project("{9A19103F-16F7-4668-BE54-9A1E7A4F7556}") = "ActionFuncPre", "..\ActionFuncPre\ActionFuncPre.csproj", "{2187D87D-DE76-4C00-A043-9FC83311ABFD}"
EndProject
Project("{FAE04EC0-301F-11D3-BF4B-00C04F79EFBC}") = "ExceptionHandling", "..\ExceptionHandling\ExceptionHandling.csproj", "{92ED1662-1232-4D4B-9B8D-91712315DA33}"
EndProject
Global
	GlobalSection(SolutionConfigurationPlatforms) = preSolution
		Debug|Any CPU = Debug|Any CPU
		Release|Any CPU = Release|Any CPU
	EndGlobalSection
	GlobalSection(ProjectConfigurationPlatforms) = postSolution
		{116CB71B-B172-4D28-A857-F68892774BFE}.Debug|Any CPU.ActiveCfg = Debug|Any CPU
		{116CB71B-B172-4D28-A857-F68892774BFE}.Debug|Any CPU.Build.0 = Debug|Any CPU
		{116CB71B-B172-4D28-A857-F68892774BFE}.Release|Any CPU.ActiveCfg = Release|Any CPU
		{116CB71B-B172-4D28-A857-F68892774BFE}.Release|Any CPU.Build.0 = Release|Any CPU
		{2187D87D-DE76-4C00-A043-9FC83311ABFD}.Debug|Any CPU.ActiveCfg = Debug|Any CPU
		{2187D87D-DE76-4C00-A043-9FC83311ABFD}.Debug|Any CPU.Build.0 = Debug|Any CPU
		{2187D87D-DE76-4C00-A043-9FC83311ABFD}.Release|Any CPU.ActiveCfg = Release|Any CPU
		{2187D87D-DE76-4C00-A043-9FC83311ABFD}.Release|Any CPU.Build.0 = Release|Any CPU
		{92ED1662-1232-4D4B-9B8D-91712315DA33}.Debug|Any CPU.ActiveCfg = Debug|Any CPU
		{92ED1662-1232-4D4B-9B8D-91712315DA33}.Debug|Any CPU.Build.0 = Debug|Any CPU
		{92ED1662-1232-4D4B-9B8D-91712315DA33}.Release|Any CPU.ActiveCfg = Release|Any CPU
		{92ED1662-1232-4D4B-9B8D-91712315DA33}.Release|Any CPU.Build.0 = Release|Any CPU
	EndGlobalSection
	GlobalSection(SolutionProperties) = preSolution
		HideSolutionNode = FALSE
	EndGlobalSection
	GlobalSection(ExtensibilityGlobals) = postSolution
		SolutionGuid = {54680D1B-A58B-4D15-A153-6BB20A78AFA7}
	EndGlobalSection
EndGlobal
